
Microsoft Visual Studio Solution File, Format Version 12.00
# Visual Studio Version 17
VisualStudioVersion = 17.8.34316.72
MinimumVisualStudioVersion = 10.0.40219.1
Project("{FAE04EC0-301F-11D3-BF4B-00C04F79EFBC}") = "1.0", "1.0.csproj", "{FF2D1D0D-5709-410E-BF6F-D72894709D6B}"
EndProject
Project("{FAE04EC0-301F-11D3-BF4B-00C04F79EFBC}") = "1.1", "1.1.csproj", "{B6900CF4-7445-4402-A0F3-B84325C786CC}"
EndProject
Project("{FAE04EC0-301F-11D3-BF4B-00C04F79EFBC}") = "1.2", "1.2.csproj", "{3C73C35B-6E35-4AA3-9B68-C80E8E918191}"
EndProject
Project("{FAE04EC0-301F-11D3-BF4B-00C04F79EFBC}") = "1.3", "1.3.csproj", "{1126C82A-B452-4CF9-9C19-EC936F59AD59}"
EndProject
Project("{FAE04EC0-301F-11D3-BF4B-00C04F79EFBC}") = "1.4", "1.4.csproj", "{E727B206-E80A-4A90-88E7-01A4116E4B2B}"
EndProject
Project("{FAE04EC0-301F-11D3-BF4B-00C04F79EFBC}") = "1.5", "1.5.csproj", "{46E78FF1-B00A-4DA1-A11D-CF500720CC88}"
EndProject
Global
	GlobalSection(SolutionConfigurationPlatforms) = preSolution
		Debug|Any CPU = Debug|Any CPU
		Release|Any CPU = Release|Any CPU
	EndGlobalSection
	GlobalSection(ProjectConfigurationPlatforms) = postSolution
		{FF2D1D0D-5709-410E-BF6F-D72894709D6B}.Debug|Any CPU.ActiveCfg = Debug|Any CPU
		{FF2D1D0D-5709-410E-BF6F-D72894709D6B}.Debug|Any CPU.Build.0 = Debug|Any CPU
		{FF2D1D0D-5709-410E-BF6F-D72894709D6B}.Release|Any CPU.ActiveCfg = Release|Any CPU
		{FF2D1D0D-5709-410E-BF6F-D72894709D6B}.Release|Any CPU.Build.0 = Release|Any CPU
		{B6900CF4-7445-4402-A0F3-B84325C786CC}.Debug|Any CPU.ActiveCfg = Debug|Any CPU
		{B6900CF4-7445-4402-A0F3-B84325C786CC}.Debug|Any CPU.Build.0 = Debug|Any CPU
		{B6900CF4-7445-4402-A0F3-B84325C786CC}.Release|Any CPU.ActiveCfg = Release|Any CPU
		{B6900CF4-7445-4402-A0F3-B84325C786CC}.Release|Any CPU.Build.0 = Release|Any CPU
		{3C73C35B-6E35-4AA3-9B68-C80E8E918191}.Debug|Any CPU.ActiveCfg = Debug|Any CPU
		{3C73C35B-6E35-4AA3-9B68-C80E8E918191}.Debug|Any CPU.Build.0 = Debug|Any CPU
		{3C73C35B-6E35-4AA3-9B68-C80E8E918191}.Release|Any CPU.ActiveCfg = Release|Any CPU
		{3C73C35B-6E35-4AA3-9B68-C80E8E918191}.Release|Any CPU.Build.0 = Release|Any CPU
		{1126C82A-B452-4CF9-9C19-EC936F59AD59}.Debug|Any CPU.ActiveCfg = Debug|Any CPU
		{1126C82A-B452-4CF9-9C19-EC936F59AD59}.Debug|Any CPU.Build.0 = Debug|Any CPU
		{1126C82A-B452-4CF9-9C19-EC936F59AD59}.Release|Any CPU.ActiveCfg = Release|Any CPU
		{1126C82A-B452-4CF9-9C19-EC936F59AD59}.Release|Any CPU.Build.0 = Release|Any CPU
		{E727B206-E80A-4A90-88E7-01A4116E4B2B}.Debug|Any CPU.ActiveCfg = Debug|Any CPU
		{E727B206-E80A-4A90-88E7-01A4116E4B2B}.Debug|Any CPU.Build.0 = Debug|Any CPU
		{E727B206-E80A-4A90-88E7-01A4116E4B2B}.Release|Any CPU.ActiveCfg = Release|Any CPU
		{E727B206-E80A-4A90-88E7-01A4116E4B2B}.Release|Any CPU.Build.0 = Release|Any CPU
		{46E78FF1-B00A-4DA1-A11D-CF500720CC88}.Debug|Any CPU.ActiveCfg = Debug|Any CPU
		{46E78FF1-B00A-4DA1-A11D-CF500720CC88}.Debug|Any CPU.Build.0 = Debug|Any CPU
		{46E78FF1-B00A-4DA1-A11D-CF500720CC88}.Release|Any CPU.ActiveCfg = Release|Any CPU
		{46E78FF1-B00A-4DA1-A11D-CF500720CC88}.Release|Any CPU.Build.0 = Release|Any CPU
	EndGlobalSection
	GlobalSection(SolutionProperties) = preSolution
		HideSolutionNode = FALSE
	EndGlobalSection
	GlobalSection(ExtensibilityGlobals) = postSolution
		SolutionGuid = {2ECCB3EA-23DE-40ED-AF80-CE58FB49CDA5}
	EndGlobalSection
EndGlobal
